
Microsoft Visual Studio Solution File, Format Version 12.00
Project("{FAE04EC0-301F-11D3-BF4B-00C04F79EFBC}") = "Temptica.GodotExtensions", "Temptica.GodotExtensions.csproj", "{D1F04351-992A-40C0-BA8A-BA214748B1A4}"
EndProject
Global
	GlobalSection(SolutionConfigurationPlatforms) = preSolution
		Debug|Any CPU = Debug|Any CPU
		Release|Any CPU = Release|Any CPU
	EndGlobalSection
	GlobalSection(ProjectConfigurationPlatforms) = postSolution
		{D1F04351-992A-40C0-BA8A-BA214748B1A4}.Debug|Any CPU.ActiveCfg = Debug|Any CPU
		{D1F04351-992A-40C0-BA8A-BA214748B1A4}.Debug|Any CPU.Build.0 = Debug|Any CPU
		{D1F04351-992A-40C0-BA8A-BA214748B1A4}.Release|Any CPU.ActiveCfg = Release|Any CPU
		{D1F04351-992A-40C0-BA8A-BA214748B1A4}.Release|Any CPU.Build.0 = Release|Any CPU
	EndGlobalSection
EndGlobal
